
Microsoft Visual Studio Solution File, Format Version 12.00
# Visual Studio 15
VisualStudioVersion = 15.0.27428.2005
MinimumVisualStudioVersion = 10.0.40219.1
Project("{00D1A9C2-B5F0-4AF3-8072-F6C62B433612}") = "PruebasClr", "PruebasClr\PruebasClr.sqlproj", "{ED1B2E23-F918-4D77-AEC7-CD2B33DA3EED}"
EndProject
Global
	GlobalSection(SolutionConfigurationPlatforms) = preSolution
		Debug|Any CPU = Debug|Any CPU
		Release|Any CPU = Release|Any CPU
	EndGlobalSection
	GlobalSection(ProjectConfigurationPlatforms) = postSolution
		{ED1B2E23-F918-4D77-AEC7-CD2B33DA3EED}.Debug|Any CPU.ActiveCfg = Debug|Any CPU
		{ED1B2E23-F918-4D77-AEC7-CD2B33DA3EED}.Debug|Any CPU.Build.0 = Debug|Any CPU
		{ED1B2E23-F918-4D77-AEC7-CD2B33DA3EED}.Debug|Any CPU.Deploy.0 = Debug|Any CPU
		{ED1B2E23-F918-4D77-AEC7-CD2B33DA3EED}.Release|Any CPU.ActiveCfg = Release|Any CPU
		{ED1B2E23-F918-4D77-AEC7-CD2B33DA3EED}.Release|Any CPU.Build.0 = Release|Any CPU
		{ED1B2E23-F918-4D77-AEC7-CD2B33DA3EED}.Release|Any CPU.Deploy.0 = Release|Any CPU
	EndGlobalSection
	GlobalSection(SolutionProperties) = preSolution
		HideSolutionNode = FALSE
	EndGlobalSection
	GlobalSection(ExtensibilityGlobals) = postSolution
		SolutionGuid = {94A493D5-57C1-4525-9129-ACC28706FC40}
	EndGlobalSection
EndGlobal
